
Microsoft Visual Studio Solution File, Format Version 12.00
# Visual Studio Version 17
VisualStudioVersion = 17.9.34607.119
MinimumVisualStudioVersion = 10.0.40219.1
Project("{9A19103F-16F7-4668-BE54-9A1E7A4F7556}") = "Domain", "Domain\Domain.csproj", "{84382A86-505D-47BC-8032-0D4677D0DE61}"
EndProject
Project("{9A19103F-16F7-4668-BE54-9A1E7A4F7556}") = "Services", "Services\Services.csproj", "{21431270-D755-42D3-80B3-B2563CBD8CAD}"
EndProject
Project("{FAE04EC0-301F-11D3-BF4B-00C04F79EFBC}") = "Api", "Api\Api.csproj", "{22923E2A-F42A-4932-AFED-46FF5EA6280E}"
EndProject
Global
	GlobalSection(SolutionConfigurationPlatforms) = preSolution
		Debug|Any CPU = Debug|Any CPU
		Release|Any CPU = Release|Any CPU
	EndGlobalSection
	GlobalSection(ProjectConfigurationPlatforms) = postSolution
		{84382A86-505D-47BC-8032-0D4677D0DE61}.Debug|Any CPU.ActiveCfg = Debug|Any CPU
		{84382A86-505D-47BC-8032-0D4677D0DE61}.Debug|Any CPU.Build.0 = Debug|Any CPU
		{84382A86-505D-47BC-8032-0D4677D0DE61}.Release|Any CPU.ActiveCfg = Release|Any CPU
		{84382A86-505D-47BC-8032-0D4677D0DE61}.Release|Any CPU.Build.0 = Release|Any CPU
		{21431270-D755-42D3-80B3-B2563CBD8CAD}.Debug|Any CPU.ActiveCfg = Debug|Any CPU
		{21431270-D755-42D3-80B3-B2563CBD8CAD}.Debug|Any CPU.Build.0 = Debug|Any CPU
		{21431270-D755-42D3-80B3-B2563CBD8CAD}.Release|Any CPU.ActiveCfg = Release|Any CPU
		{21431270-D755-42D3-80B3-B2563CBD8CAD}.Release|Any CPU.Build.0 = Release|Any CPU
		{22923E2A-F42A-4932-AFED-46FF5EA6280E}.Debug|Any CPU.ActiveCfg = Debug|Any CPU
		{22923E2A-F42A-4932-AFED-46FF5EA6280E}.Debug|Any CPU.Build.0 = Debug|Any CPU
		{22923E2A-F42A-4932-AFED-46FF5EA6280E}.Release|Any CPU.ActiveCfg = Release|Any CPU
		{22923E2A-F42A-4932-AFED-46FF5EA6280E}.Release|Any CPU.Build.0 = Release|Any CPU
	EndGlobalSection
	GlobalSection(SolutionProperties) = preSolution
		HideSolutionNode = FALSE
	EndGlobalSection
	GlobalSection(ExtensibilityGlobals) = postSolution
		SolutionGuid = {99995C02-BFEB-4038-B15E-AE9D7B0652DA}
	EndGlobalSection
EndGlobal
